// !$*UTF8*$!
{
	archiveVersion = 1;
	classes = {
	};
	objectVersion = 50;
	objects = {

/* Begin PBXBuildFile section */
		492650AF270ED2BA00F57233 /* BorderButton.swift in Sources */ = {isa = PBXBuildFile; fileRef = 492650AE270ED2BA00F57233 /* BorderButton.swift */; };
		499B2786270ECE3D001ABE5D /* AppDelegate.swift in Sources */ = {isa = PBXBuildFile; fileRef = 499B2785270ECE3D001ABE5D /* AppDelegate.swift */; };
		499B2788270ECE3D001ABE5D /* WelcomeVC.swift in Sources */ = {isa = PBXBuildFile; fileRef = 499B2787270ECE3D001ABE5D /* WelcomeVC.swift */; };
		499B278B270ECE3D001ABE5D /* Main.storyboard in Resources */ = {isa = PBXBuildFile; fileRef = 499B2789270ECE3D001ABE5D /* Main.storyboard */; };
		499B278D270ECE41001ABE5D /* Assets.xcassets in Resources */ = {isa = PBXBuildFile; fileRef = 499B278C270ECE41001ABE5D /* Assets.xcassets */; };
		499B2790270ECE41001ABE5D /* LaunchScreen.storyboard in Resources */ = {isa = PBXBuildFile; fileRef = 499B278E270ECE41001ABE5D /* LaunchScreen.storyboard */; };
		499B279B270ECE41001ABE5D /* app_swooshTests.swift in Sources */ = {isa = PBXBuildFile; fileRef = 499B279A270ECE41001ABE5D /* app_swooshTests.swift */; };
		499B27A6270ECE41001ABE5D /* app_swooshUITests.swift in Sources */ = {isa = PBXBuildFile; fileRef = 499B27A5270ECE41001ABE5D /* app_swooshUITests.swift */; };
		49D995962718011500D126C1 /* LeagueVC.swift in Sources */ = {isa = PBXBuildFile; fileRef = 49D995952718011500D126C1 /* LeagueVC.swift */; };
		49D995982718013800D126C1 /* SkillVC.swift in Sources */ = {isa = PBXBuildFile; fileRef = 49D995972718013800D126C1 /* SkillVC.swift */; };
/* End PBXBuildFile section */

/* Begin PBXContainerItemProxy section */
		499B2797270ECE41001ABE5D /* PBXContainerItemProxy */ = {
			isa = PBXContainerItemProxy;
			containerPortal = 499B277A270ECE3D001ABE5D /* Project object */;
			proxyType = 1;
			remoteGlobalIDString = 499B2781270ECE3D001ABE5D;
			remoteInfo = "app-swoosh";
		};
		499B27A2270ECE41001ABE5D /* PBXContainerItemProxy */ = {
			isa = PBXContainerItemProxy;
			containerPortal = 499B277A270ECE3D001ABE5D /* Project object */;
			proxyType = 1;
			remoteGlobalIDString = 499B2781270ECE3D001ABE5D;
			remoteInfo = "app-swoosh";
		};
/* End PBXContainerItemProxy section */

/* Begin PBXFileReference section */
		492650AE270ED2BA00F57233 /* BorderButton.swift */ = {isa = PBXFileReference; lastKnownFileType = sourcecode.swift; path = BorderButton.swift; sourceTree = "<group>"; };
		499B2782270ECE3D001ABE5D /* app-swoosh.app */ = {isa = PBXFileReference; explicitFileType = wrapper.application; includeInIndex = 0; path = "app-swoosh.app"; sourceTree = BUILT_PRODUCTS_DIR; };
		499B2785270ECE3D001ABE5D /* AppDelegate.swift */ = {isa = PBXFileReference; lastKnownFileType = sourcecode.swift; path = AppDelegate.swift; sourceTree = "<group>"; };
		499B2787270ECE3D001ABE5D /* WelcomeVC.swift */ = {isa = PBXFileReference; lastKnownFileType = sourcecode.swift; path = WelcomeVC.swift; sourceTree = "<group>"; };
		499B278A270ECE3D001ABE5D /* Base */ = {isa = PBXFileReference; lastKnownFileType = file.storyboard; name = Base; path = Base.lproj/Main.storyboard; sourceTree = "<group>"; };
		499B278C270ECE41001ABE5D /* Assets.xcassets */ = {isa = PBXFileReference; lastKnownFileType = folder.assetcatalog; path = Assets.xcassets; sourceTree = "<group>"; };
		499B278F270ECE41001ABE5D /* Base */ = {isa = PBXFileReference; lastKnownFileType = file.storyboard; name = Base; path = Base.lproj/LaunchScreen.storyboard; sourceTree = "<group>"; };
		499B2791270ECE41001ABE5D /* Info.plist */ = {isa = PBXFileReference; lastKnownFileType = text.plist.xml; path = Info.plist; sourceTree = "<group>"; };
		499B2796270ECE41001ABE5D /* app-swooshTests.xctest */ = {isa = PBXFileReference; explicitFileType = wrapper.cfbundle; includeInIndex = 0; path = "app-swooshTests.xctest"; sourceTree = BUILT_PRODUCTS_DIR; };
		499B279A270ECE41001ABE5D /* app_swooshTests.swift */ = {isa = PBXFileReference; lastKnownFileType = sourcecode.swift; path = app_swooshTests.swift; sourceTree = "<group>"; };
		499B279C270ECE41001ABE5D /* Info.plist */ = {isa = PBXFileReference; lastKnownFileType = text.plist.xml; path = Info.plist; sourceTree = "<group>"; };
		499B27A1270ECE41001ABE5D /* app-swooshUITests.xctest */ = {isa = PBXFileReference; explicitFileType = wrapper.cfbundle; includeInIndex = 0; path = "app-swooshUITests.xctest"; sourceTree = BUILT_PRODUCTS_DIR; };
		499B27A5270ECE41001ABE5D /* app_swooshUITests.swift */ = {isa = PBXFileReference; lastKnownFileType = sourcecode.swift; path = app_swooshUITests.swift; sourceTree = "<group>"; };
		499B27A7270ECE41001ABE5D /* Info.plist */ = {isa = PBXFileReference; lastKnownFileType = text.plist.xml; path = Info.plist; sourceTree = "<group>"; };
		49D995952718011500D126C1 /* LeagueVC.swift */ = {isa = PBXFileReference; lastKnownFileType = sourcecode.swift; path = LeagueVC.swift; sourceTree = "<group>"; };
		49D995972718013800D126C1 /* SkillVC.swift */ = {isa = PBXFileReference; lastKnownFileType = sourcecode.swift; path = SkillVC.swift; sourceTree = "<group>"; };
/* End PBXFileReference section */

/* Begin PBXFrameworksBuildPhase section */
		499B277F270ECE3D001ABE5D /* Frameworks */ = {
			isa = PBXFrameworksBuildPhase;
			buildActionMask = 2147483647;
			files = (
			);
			runOnlyForDeploymentPostprocessing = 0;
		};
		499B2793270ECE41001ABE5D /* Frameworks */ = {
			isa = PBXFrameworksBuildPhase;
			buildActionMask = 2147483647;
			files = (
			);
			runOnlyForDeploymentPostprocessing = 0;
		};
		499B279E270ECE41001ABE5D /* Frameworks */ = {
			isa = PBXFrameworksBuildPhase;
			buildActionMask = 2147483647;
			files = (
			);
			runOnlyForDeploymentPostprocessing = 0;
		};
/* End PBXFrameworksBuildPhase section */

/* Begin PBXGroup section */
		492650AD270ED26800F57233 /* View */ = {
			isa = PBXGroup;
			children = (
				492650AE270ED2BA00F57233 /* BorderButton.swift */,
			);
			path = View;
			sourceTree = "<group>";
		};
		499B2779270ECE3D001ABE5D = {
			isa = PBXGroup;
			children = (
				499B2784270ECE3D001ABE5D /* app-swoosh */,
				499B2799270ECE41001ABE5D /* app-swooshTests */,
				499B27A4270ECE41001ABE5D /* app-swooshUITests */,
				499B2783270ECE3D001ABE5D /* Products */,
			);
			sourceTree = "<group>";
		};
		499B2783270ECE3D001ABE5D /* Products */ = {
			isa = PBXGroup;
			children = (
				499B2782270ECE3D001ABE5D /* app-swoosh.app */,
				499B2796270ECE41001ABE5D /* app-swooshTests.xctest */,
				499B27A1270ECE41001ABE5D /* app-swooshUITests.xctest */,
			);
			name = Products;
			sourceTree = "<group>";
		};
		499B2784270ECE3D001ABE5D /* app-swoosh */ = {
			isa = PBXGroup;
			children = (
				49D995942718004700D126C1 /* Model */,
				49D995932718002F00D126C1 /* Controller */,
				492650AD270ED26800F57233 /* View */,
				499B2785270ECE3D001ABE5D /* AppDelegate.swift */,
				499B2789270ECE3D001ABE5D /* Main.storyboard */,
				499B278C270ECE41001ABE5D /* Assets.xcassets */,
				499B278E270ECE41001ABE5D /* LaunchScreen.storyboard */,
				499B2791270ECE41001ABE5D /* Info.plist */,
			);
			path = "app-swoosh";
			sourceTree = "<group>";
		};
		499B2799270ECE41001ABE5D /* app-swooshTests */ = {
			isa = PBXGroup;
			children = (
				499B279A270ECE41001ABE5D /* app_swooshTests.swift */,
				499B279C270ECE41001ABE5D /* Info.plist */,
			);
			path = "app-swooshTests";
			sourceTree = "<group>";
		};
		499B27A4270ECE41001ABE5D /* app-swooshUITests */ = {
			isa = PBXGroup;
			children = (
				499B27A5270ECE41001ABE5D /* app_swooshUITests.swift */,
				499B27A7270ECE41001ABE5D /* Info.plist */,
			);
			path = "app-swooshUITests";
			sourceTree = "<group>";
		};
		49D995932718002F00D126C1 /* Controller */ = {
			isa = PBXGroup;
			children = (
				499B2787270ECE3D001ABE5D /* WelcomeVC.swift */,
				49D995952718011500D126C1 /* LeagueVC.swift */,
				49D995972718013800D126C1 /* SkillVC.swift */,
			);
			path = Controller;
			sourceTree = "<group>";
		};
		49D995942718004700D126C1 /* Model */ = {
			isa = PBXGroup;
			children = (
			);
			path = Model;
			sourceTree = "<group>";
		};
/* End PBXGroup section */

/* Begin PBXNativeTarget section */
		499B2781270ECE3D001ABE5D /* app-swoosh */ = {
			isa = PBXNativeTarget;
			buildConfigurationList = 499B27AA270ECE41001ABE5D /* Build configuration list for PBXNativeTarget "app-swoosh" */;
			buildPhases = (
				499B277E270ECE3D001ABE5D /* Sources */,
				499B277F270ECE3D001ABE5D /* Frameworks */,
				499B2780270ECE3D001ABE5D /* Resources */,
			);
			buildRules = (
			);
			dependencies = (
			);
			name = "app-swoosh";
			productName = "app-swoosh";
			productReference = 499B2782270ECE3D001ABE5D /* app-swoosh.app */;
			productType = "com.apple.product-type.application";
		};
		499B2795270ECE41001ABE5D /* app-swooshTests */ = {
			isa = PBXNativeTarget;
			buildConfigurationList = 499B27AD270ECE41001ABE5D /* Build configuration list for PBXNativeTarget "app-swooshTests" */;
			buildPhases = (
				499B2792270ECE41001ABE5D /* Sources */,
				499B2793270ECE41001ABE5D /* Frameworks */,
				499B2794270ECE41001ABE5D /* Resources */,
			);
			buildRules = (
			);
			dependencies = (
				499B2798270ECE41001ABE5D /* PBXTargetDependency */,
			);
			name = "app-swooshTests";
			productName = "app-swooshTests";
			productReference = 499B2796270ECE41001ABE5D /* app-swooshTests.xctest */;
			productType = "com.apple.product-type.bundle.unit-test";
		};
		499B27A0270ECE41001ABE5D /* app-swooshUITests */ = {
			isa = PBXNativeTarget;
			buildConfigurationList = 499B27B0270ECE41001ABE5D /* Build configuration list for PBXNativeTarget "app-swooshUITests" */;
			buildPhases = (
				499B279D270ECE41001ABE5D /* Sources */,
				499B279E270ECE41001ABE5D /* Frameworks */,
				499B279F270ECE41001ABE5D /* Resources */,
			);
			buildRules = (
			);
			dependencies = (
				499B27A3270ECE41001ABE5D /* PBXTargetDependency */,
			);
			name = "app-swooshUITests";
			productName = "app-swooshUITests";
			productReference = 499B27A1270ECE41001ABE5D /* app-swooshUITests.xctest */;
			productType = "com.apple.product-type.bundle.ui-testing";
		};
/* End PBXNativeTarget section */

/* Begin PBXProject section */
		499B277A270ECE3D001ABE5D /* Project object */ = {
			isa = PBXProject;
			attributes = {
				LastSwiftUpdateCheck = 1030;
				LastUpgradeCheck = 1030;
				ORGANIZATIONNAME = "Julio Anciola";
				TargetAttributes = {
					499B2781270ECE3D001ABE5D = {
						CreatedOnToolsVersion = 10.3;
					};
					499B2795270ECE41001ABE5D = {
						CreatedOnToolsVersion = 10.3;
						TestTargetID = 499B2781270ECE3D001ABE5D;
					};
					499B27A0270ECE41001ABE5D = {
						CreatedOnToolsVersion = 10.3;
						TestTargetID = 499B2781270ECE3D001ABE5D;
					};
				};
			};
			buildConfigurationList = 499B277D270ECE3D001ABE5D /* Build configuration list for PBXProject "app-swoosh" */;
			compatibilityVersion = "Xcode 9.3";
			developmentRegion = en;
			hasScannedForEncodings = 0;
			knownRegions = (
				en,
				Base,
			);
			mainGroup = 499B2779270ECE3D001ABE5D;
			productRefGroup = 499B2783270ECE3D001ABE5D /* Products */;
			projectDirPath = "";
			projectRoot = "";
			targets = (
				499B2781270ECE3D001ABE5D /* app-swoosh */,
				499B2795270ECE41001ABE5D /* app-swooshTests */,
				499B27A0270ECE41001ABE5D /* app-swooshUITests */,
			);
		};
/* End PBXProject section */

/* Begin PBXResourcesBuildPhase section */
		499B2780270ECE3D001ABE5D /* Resources */ = {
			isa = PBXResourcesBuildPhase;
			buildActionMask = 2147483647;
			files = (
				499B2790270ECE41001ABE5D /* LaunchScreen.storyboard in Resources */,
				499B278D270ECE41001ABE5D /* Assets.xcassets in Resources */,
				499B278B270ECE3D001ABE5D /* Main.storyboard in Resources */,
			);
			runOnlyForDeploymentPostprocessing = 0;
		};
		499B2794270ECE41001ABE5D /* Resources */ = {
			isa = PBXResourcesBuildPhase;
			buildActionMask = 2147483647;
			files = (
			);
			runOnlyForDeploymentPostprocessing = 0;
		};
		499B279F270ECE41001ABE5D /* Resources */ = {
			isa = PBXResourcesBuildPhase;
			buildActionMask = 2147483647;
			files = (
			);
			runOnlyForDeploymentPostprocessing = 0;
		};
/* End PBXResourcesBuildPhase section */

/* Begin PBXSourcesBuildPhase section */
		499B277E270ECE3D001ABE5D /* Sources */ = {
			isa = PBXSourcesBuildPhase;
			buildActionMask = 2147483647;
			files = (
				499B2788270ECE3D001ABE5D /* WelcomeVC.swift in Sources */,
				49D995962718011500D126C1 /* LeagueVC.swift in Sources */,
				499B2786270ECE3D001ABE5D /* AppDelegate.swift in Sources */,
				49D995982718013800D126C1 /* SkillVC.swift in Sources */,
				492650AF270ED2BA00F57233 /* BorderButton.swift in Sources */,
			);
			runOnlyForDeploymentPostprocessing = 0;
		};
		499B2792270ECE41001ABE5D /* Sources */ = {
			isa = PBXSourcesBuildPhase;
			buildActionMask = 2147483647;
			files = (
				499B279B270ECE41001ABE5D /* app_swooshTests.swift in Sources */,
			);
			runOnlyForDeploymentPostprocessing = 0;
		};
		499B279D270ECE41001ABE5D /* Sources */ = {
			isa = PBXSourcesBuildPhase;
			buildActionMask = 2147483647;
			files = (
				499B27A6270ECE41001ABE5D /* app_swooshUITests.swift in Sources */,
			);
			runOnlyForDeploymentPostprocessing = 0;
		};
/* End PBXSourcesBuildPhase section */

/* Begin PBXTargetDependency section */
		499B2798270ECE41001ABE5D /* PBXTargetDependency */ = {
			isa = PBXTargetDependency;
			target = 499B2781270ECE3D001ABE5D /* app-swoosh */;
			targetProxy = 499B2797270ECE41001ABE5D /* PBXContainerItemProxy */;
		};
		499B27A3270ECE41001ABE5D /* PBXTargetDependency */ = {
			isa = PBXTargetDependency;
			target = 499B2781270ECE3D001ABE5D /* app-swoosh */;
			targetProxy = 499B27A2270ECE41001ABE5D /* PBXContainerItemProxy */;
		};
/* End PBXTargetDependency section */

/* Begin PBXVariantGroup section */
		499B2789270ECE3D001ABE5D /* Main.storyboard */ = {
			isa = PBXVariantGroup;
			children = (
				499B278A270ECE3D001ABE5D /* Base */,
			);
			name = Main.storyboard;
			sourceTree = "<group>";
		};
		499B278E270ECE41001ABE5D /* LaunchScreen.storyboard */ = {
			isa = PBXVariantGroup;
			children = (
				499B278F270ECE41001ABE5D /* Base */,
			);
			name = LaunchScreen.storyboard;
			sourceTree = "<group>";
		};
/* End PBXVariantGroup section */

/* Begin XCBuildConfiguration section */
		499B27A8270ECE41001ABE5D /* Debug */ = {
			isa = XCBuildConfiguration;
			buildSettings = {
				ALWAYS_SEARCH_USER_PATHS = NO;
				CLANG_ANALYZER_NONNULL = YES;
				CLANG_ANALYZER_NUMBER_OBJECT_CONVERSION = YES_AGGRESSIVE;
				CLANG_CXX_LANGUAGE_STANDARD = "gnu++14";
				CLANG_CXX_LIBRARY = "libc++";
				CLANG_ENABLE_MODULES = YES;
				CLANG_ENABLE_OBJC_ARC = YES;
				CLANG_ENABLE_OBJC_WEAK = YES;
				CLANG_WARN_BLOCK_CAPTURE_AUTORELEASING = YES;
				CLANG_WARN_BOOL_CONVERSION = YES;
				CLANG_WARN_COMMA = YES;
				CLANG_WARN_CONSTANT_CONVERSION = YES;
				CLANG_WARN_DEPRECATED_OBJC_IMPLEMENTATIONS = YES;
				CLANG_WARN_DIRECT_OBJC_ISA_USAGE = YES_ERROR;
				CLANG_WARN_DOCUMENTATION_COMMENTS = YES;
				CLANG_WARN_EMPTY_BODY = YES;
				CLANG_WARN_ENUM_CONVERSION = YES;
				CLANG_WARN_INFINITE_RECURSION = YES;
				CLANG_WARN_INT_CONVERSION = YES;
				CLANG_WARN_NON_LITERAL_NULL_CONVERSION = YES;
				CLANG_WARN_OBJC_IMPLICIT_RETAIN_SELF = YES;
				CLANG_WARN_OBJC_LITERAL_CONVERSION = YES;
				CLANG_WARN_OBJC_ROOT_CLASS = YES_ERROR;
				CLANG_WARN_RANGE_LOOP_ANALYSIS = YES;
				CLANG_WARN_STRICT_PROTOTYPES = YES;
				CLANG_WARN_SUSPICIOUS_MOVE = YES;
				CLANG_WARN_UNGUARDED_AVAILABILITY = YES_AGGRESSIVE;
				CLANG_WARN_UNREACHABLE_CODE = YES;
				CLANG_WARN__DUPLICATE_METHOD_MATCH = YES;
				CODE_SIGN_IDENTITY = "iPhone Developer";
				COPY_PHASE_STRIP = NO;
				DEBUG_INFORMATION_FORMAT = dwarf;
				ENABLE_STRICT_OBJC_MSGSEND = YES;
				ENABLE_TESTABILITY = YES;
				GCC_C_LANGUAGE_STANDARD = gnu11;
				GCC_DYNAMIC_NO_PIC = NO;
				GCC_NO_COMMON_BLOCKS = YES;
				GCC_OPTIMIZATION_LEVEL = 0;
				GCC_PREPROCESSOR_DEFINITIONS = (
					"DEBUG=1",
					"$(inherited)",
				);
				GCC_WARN_64_TO_32_BIT_CONVERSION = YES;
				GCC_WARN_ABOUT_RETURN_TYPE = YES_ERROR;
				GCC_WARN_UNDECLARED_SELECTOR = YES;
				GCC_WARN_UNINITIALIZED_AUTOS = YES_AGGRESSIVE;
				GCC_WARN_UNUSED_FUNCTION = YES;
				GCC_WARN_UNUSED_VARIABLE = YES;
				IPHONEOS_DEPLOYMENT_TARGET = 12.4;
				MTL_ENABLE_DEBUG_INFO = INCLUDE_SOURCE;
				MTL_FAST_MATH = YES;
				ONLY_ACTIVE_ARCH = YES;
				SDKROOT = iphoneos;
				SWIFT_ACTIVE_COMPILATION_CONDITIONS = DEBUG;
				SWIFT_OPTIMIZATION_LEVEL = "-Onone";
			};
			name = Debug;
		};
		499B27A9270ECE41001ABE5D /* Release */ = {
			isa = XCBuildConfiguration;
			buildSettings = {
				ALWAYS_SEARCH_USER_PATHS = NO;
				CLANG_ANALYZER_NONNULL = YES;
				CLANG_ANALYZER_NUMBER_OBJECT_CONVERSION = YES_AGGRESSIVE;
				CLANG_CXX_LANGUAGE_STANDARD = "gnu++14";
				CLANG_CXX_LIBRARY = "libc++";
				CLANG_ENABLE_MODULES = YES;
				CLANG_ENABLE_OBJC_ARC = YES;
				CLANG_ENABLE_OBJC_WEAK = YES;
				CLANG_WARN_BLOCK_CAPTURE_AUTORELEASING = YES;
				CLANG_WARN_BOOL_CONVERSION = YES;
				CLANG_WARN_COMMA = YES;
				CLANG_WARN_CONSTANT_CONVERSION = YES;
				CLANG_WARN_DEPRECATED_OBJC_IMPLEMENTATIONS = YES;
				CLANG_WARN_DIRECT_OBJC_ISA_USAGE = YES_ERROR;
				CLANG_WARN_DOCUMENTATION_COMMENTS = YES;
				CLANG_WARN_EMPTY_BODY = YES;
				CLANG_WARN_ENUM_CONVERSION = YES;
				CLANG_WARN_INFINITE_RECURSION = YES;
				CLANG_WARN_INT_CONVERSION = YES;
				CLANG_WARN_NON_LITERAL_NULL_CONVERSION = YES;
				CLANG_WARN_OBJC_IMPLICIT_RETAIN_SELF = YES;
				CLANG_WARN_OBJC_LITERAL_CONVERSION = YES;
				CLANG_WARN_OBJC_ROOT_CLASS = YES_ERROR;
				CLANG_WARN_RANGE_LOOP_ANALYSIS = YES;
				CLANG_WARN_STRICT_PROTOTYPES = YES;
				CLANG_WARN_SUSPICIOUS_MOVE = YES;
				CLANG_WARN_UNGUARDED_AVAILABILITY = YES_AGGRESSIVE;
				CLANG_WARN_UNREACHABLE_CODE = YES;
				CLANG_WARN__DUPLICATE_METHOD_MATCH = YES;
				CODE_SIGN_IDENTITY = "iPhone Developer";
				COPY_PHASE_STRIP = NO;
				DEBUG_INFORMATION_FORMAT = "dwarf-with-dsym";
				ENABLE_NS_ASSERTIONS = NO;
				ENABLE_STRICT_OBJC_MSGSEND = YES;
				GCC_C_LANGUAGE_STANDARD = gnu11;
				GCC_NO_COMMON_BLOCKS = YES;
				GCC_WARN_64_TO_32_BIT_CONVERSION = YES;
				GCC_WARN_ABOUT_RETURN_TYPE = YES_ERROR;
				GCC_WARN_UNDECLARED_SELECTOR = YES;
				GCC_WARN_UNINITIALIZED_AUTOS = YES_AGGRESSIVE;
				GCC_WARN_UNUSED_FUNCTION = YES;
				GCC_WARN_UNUSED_VARIABLE = YES;
				IPHONEOS_DEPLOYMENT_TARGET = 12.4;
				MTL_ENABLE_DEBUG_INFO = NO;
				MTL_FAST_MATH = YES;
				SDKROOT = iphoneos;
				SWIFT_COMPILATION_MODE = wholemodule;
				SWIFT_OPTIMIZATION_LEVEL = "-O";
				VALIDATE_PRODUCT = YES;
			};
			name = Release;
		};
		499B27AB270ECE41001ABE5D /* Debug */ = {
			isa = XCBuildConfiguration;
			buildSettings = {
				ASSETCATALOG_COMPILER_APPICON_NAME = AppIcon;
				CODE_SIGN_STYLE = Automatic;
				INFOPLIST_FILE = "app-swoosh/Info.plist";
				LD_RUNPATH_SEARCH_PATHS = (
					"$(inherited)",
					"@executable_path/Frameworks",
				);
				PRODUCT_BUNDLE_IDENTIFIER = "bits.app-swoosh";
				PRODUCT_NAME = "$(TARGET_NAME)";
				SWIFT_VERSION = 5.0;
				TARGETED_DEVICE_FAMILY = "1,2";
			};
			name = Debug;
		};
		499B27AC270ECE41001ABE5D /* Release */ = {
			isa = XCBuildConfiguration;
			buildSettings = {
				ASSETCATALOG_COMPILER_APPICON_NAME = AppIcon;
				CODE_SIGN_STYLE = Automatic;
				INFOPLIST_FILE = "app-swoosh/Info.plist";
				LD_RUNPATH_SEARCH_PATHS = (
					"$(inherited)",
					"@executable_path/Frameworks",
				);
				PRODUCT_BUNDLE_IDENTIFIER = "bits.app-swoosh";
				PRODUCT_NAME = "$(TARGET_NAME)";
				SWIFT_VERSION = 5.0;
				TARGETED_DEVICE_FAMILY = "1,2";
			};
			name = Release;
		};
		499B27AE270ECE41001ABE5D /* Debug */ = {
			isa = XCBuildConfiguration;
			buildSettings = {
				ALWAYS_EMBED_SWIFT_STANDARD_LIBRARIES = YES;
				BUNDLE_LOADER = "$(TEST_HOST)";
				CODE_SIGN_STYLE = Automatic;
				INFOPLIST_FILE = "app-swooshTests/Info.plist";
				LD_RUNPATH_SEARCH_PATHS = (
					"$(inherited)",
					"@executable_path/Frameworks",
					"@loader_path/Frameworks",
				);
				PRODUCT_BUNDLE_IDENTIFIER = "bits.app-swooshTests";
				PRODUCT_NAME = "$(TARGET_NAME)";
				SWIFT_VERSION = 5.0;
				TARGETED_DEVICE_FAMILY = "1,2";
				TEST_HOST = "$(BUILT_PRODUCTS_DIR)/app-swoosh.app/app-swoosh";
			};
			name = Debug;
		};
		499B27AF270ECE41001ABE5D /* Release */ = {
			isa = XCBuildConfiguration;
			buildSettings = {
				ALWAYS_EMBED_SWIFT_STANDARD_LIBRARIES = YES;
				BUNDLE_LOADER = "$(TEST_HOST)";
				CODE_SIGN_STYLE = Automatic;
				INFOPLIST_FILE = "app-swooshTests/Info.plist";
				LD_RUNPATH_SEARCH_PATHS = (
					"$(inherited)",
					"@executable_path/Frameworks",
					"@loader_path/Frameworks",
				);
				PRODUCT_BUNDLE_IDENTIFIER = "bits.app-swooshTests";
				PRODUCT_NAME = "$(TARGET_NAME)";
				SWIFT_VERSION = 5.0;
				TARGETED_DEVICE_FAMILY = "1,2";
				TEST_HOST = "$(BUILT_PRODUCTS_DIR)/app-swoosh.app/app-swoosh";
			};
			name = Release;
		};
		499B27B1270ECE41001ABE5D /* Debug */ = {
			isa = XCBuildConfiguration;
			buildSettings = {
				ALWAYS_EMBED_SWIFT_STANDARD_LIBRARIES = YES;
				CODE_SIGN_STYLE = Automatic;
				INFOPLIST_FILE = "app-swooshUITests/Info.plist";
				LD_RUNPATH_SEARCH_PATHS = (
					"$(inherited)",
					"@executable_path/Frameworks",
					"@loader_path/Frameworks",
				);
				PRODUCT_BUNDLE_IDENTIFIER = "bits.app-swooshUITests";
				PRODUCT_NAME = "$(TARGET_NAME)";
				SWIFT_VERSION = 5.0;
				TARGETED_DEVICE_FAMILY = "1,2";
				TEST_TARGET_NAME = "app-swoosh";
			};
			name = Debug;
		};
		499B27B2270ECE41001ABE5D /* Release */ = {
			isa = XCBuildConfiguration;
			buildSettings = {
				ALWAYS_EMBED_SWIFT_STANDARD_LIBRARIES = YES;
				CODE_SIGN_STYLE = Automatic;
				INFOPLIST_FILE = "app-swooshUITests/Info.plist";
				LD_RUNPATH_SEARCH_PATHS = (
					"$(inherited)",
					"@executable_path/Frameworks",
					"@loader_path/Frameworks",
				);
				PRODUCT_BUNDLE_IDENTIFIER = "bits.app-swooshUITests";
				PRODUCT_NAME = "$(TARGET_NAME)";
				SWIFT_VERSION = 5.0;
				TARGETED_DEVICE_FAMILY = "1,2";
				TEST_TARGET_NAME = "app-swoosh";
			};
			name = Release;
		};
/* End XCBuildConfiguration section */

/* Begin XCConfigurationList section */
		499B277D270ECE3D001ABE5D /* Build configuration list for PBXProject "app-swoosh" */ = {
			isa = XCConfigurationList;
			buildConfigurations = (
				499B27A8270ECE41001ABE5D /* Debug */,
				499B27A9270ECE41001ABE5D /* Release */,
			);
			defaultConfigurationIsVisible = 0;
			defaultConfigurationName = Release;
		};
		499B27AA270ECE41001ABE5D /* Build configuration list for PBXNativeTarget "app-swoosh" */ = {
			isa = XCConfigurationList;
			buildConfigurations = (
				499B27AB270ECE41001ABE5D /* Debug */,
				499B27AC270ECE41001ABE5D /* Release */,
			);
			defaultConfigurationIsVisible = 0;
			defaultConfigurationName = Release;
		};
		499B27AD270ECE41001ABE5D /* Build configuration list for PBXNativeTarget "app-swooshTests" */ = {
			isa = XCConfigurationList;
			buildConfigurations = (
				499B27AE270ECE41001ABE5D /* Debug */,
				499B27AF270ECE41001ABE5D /* Release */,
			);
			defaultConfigurationIsVisible = 0;
			defaultConfigurationName = Release;
		};
		499B27B0270ECE41001ABE5D /* Build configuration list for PBXNativeTarget "app-swooshUITests" */ = {
			isa = XCConfigurationList;
			buildConfigurations = (
				499B27B1270ECE41001ABE5D /* Debug */,
				499B27B2270ECE41001ABE5D /* Release */,
			);
			defaultConfigurationIsVisible = 0;
			defaultConfigurationName = Release;
		};
/* End XCConfigurationList section */
	};
	rootObject = 499B277A270ECE3D001ABE5D /* Project object */;
}
